{
  "name": "ionic-6neoud",
  "version": "0.0.0",
  "lockfileVersion": 3,
  "requires": true,
  "packages": {
    "": {
      "name": "ionic-6neoud",
      "version": "0.0.0",
      "dependencies": {
        "@angular/common": "4.1.3",
        "@angular/compiler": "4.1.3",
        "@angular/compiler-cli": "4.1.3",
        "@angular/core": "4.1.3",
        "@angular/forms": "4.1.3",
        "@angular/http": "4.1.3",
        "@angular/platform-browser": "4.1.3",
        "@angular/platform-browser-dynamic": "4.1.3",
        "core-js": "2.4.1",
        "ionic-angular": "3.5.2",
        "rxjs": "5.4.0",
        "typescript": "2.3.4",
        "zone.js": "0.8.12"
      }
    },
    "node_modules/@angular/common": {
      "version": "4.1.3",
      "resolved": "https://registry.npmjs.org/@angular/common/-/common-4.1.3.tgz",
      "integrity": "sha512-E7lFTegzdOv7v6BHUhisYvqKXdRoJs++ppsScmWoQGx1e3MBiUaQmhGFs/7zGimhOPyDFQT+B+uXzVTeFscMfQ==",
      "peerDependencies": {
        "@angular/core": "4.1.3"
      }
    },
    "node_modules/@angular/compiler": {
      "version": "4.1.3",
      "resolved": "https://registry.npmjs.org/@angular/compiler/-/compiler-4.1.3.tgz",
      "integrity": "sha512-mCzmBID1Uy8T31rKRC4NUnOW49ea/RLfdH1kcZ13Io5/ixPWjuoyQY7KbsMWk1V0En1BEfWwMYm6X57uZj/bGQ==",
      "peerDependencies": {
        "@angular/core": "4.1.3"
      }
    },
    "node_modules/@angular/compiler-cli": {
      "version": "4.1.3",
      "resolved": "https://registry.npmjs.org/@angular/compiler-cli/-/compiler-cli-4.1.3.tgz",
      "integrity": "sha512-u+Q+oo/D1l82D6kAVJIqyRdZ2OOcMGkBO64phhq1J8RSs+sIVL1n+aSprqaEp4PTsE/Gcrw6LcaTGVIudBggBQ==",
      "dependencies": {
        "@angular/tsc-wrapped": "4.1.3",
        "minimist": "^1.2.0",
        "reflect-metadata": "^0.1.2"
      },
      "bin": {
        "ng-xi18n": "src/extract_i18n.js",
        "ngc": "src/main.js"
      },
      "peerDependencies": {
        "@angular/compiler": "4.1.3",
        "@angular/core": "4.1.3",
        "typescript": "^2.0.2"
      }
    },
    "node_modules/@angular/core": {
      "version": "4.1.3",
      "resolved": "https://registry.npmjs.org/@angular/core/-/core-4.1.3.tgz",
      "integrity": "sha512-oP5rali8TPKvPvvItkCPA5nPhjPIuaz8aoFZGPwKa8qqxFtDJ2TT5hzspAHYIKX1etakzd6+6+IHe/m0sK5a8g==",
      "peerDependencies": {
        "rxjs": "^5.0.1",
        "zone.js": "^0.8.4"
      }
    },
    "node_modules/@angular/forms": {
      "version": "4.1.3",
      "resolved": "https://registry.npmjs.org/@angular/forms/-/forms-4.1.3.tgz",
      "integrity": "sha512-gIKqcX1GHq2vKDQFs84qUz4P0PEm+zw8sh9xiYA/RUgP+RtVBUE1vqfFVjYxceeGwwH8ZBaseacf3ZdxlTWdWA==",
      "peerDependencies": {
        "@angular/common": "4.1.3",
        "@angular/core": "4.1.3",
        "@angular/platform-browser": "4.1.3"
      }
    },
    "node_modules/@angular/http": {
      "version": "4.1.3",
      "resolved": "https://registry.npmjs.org/@angular/http/-/http-4.1.3.tgz",
      "integrity": "sha512-C8cGIcDz9GLYYHpr/UV1CYWFDfNLkm4dR01tpMv5oPuhlPsTzyWxD8Eg6G7QQV7PGTF/IN7NCNS5lOkPpfHEuA==",
      "deprecated": "Package no longer supported. Use @angular/common instead, see https://angular.io/guide/deprecations#angularhttp",
      "peerDependencies": {
        "@angular/core": "4.1.3",
        "@angular/platform-browser": "4.1.3",
        "rxjs": "^5.0.1"
      }
    },
    "node_modules/@angular/platform-browser": {
      "version": "4.1.3",
      "resolved": "https://registry.npmjs.org/@angular/platform-browser/-/platform-browser-4.1.3.tgz",
      "integrity": "sha512-IM5iEl4TIPWdATZ+8xAIIRoy2D/iSso+SaW/8VPo8Is5LyxTzuj7RCaWKsATZOW8cb/3wbUW/f9dbBxPjzv7Pw==",
      "peerDependencies": {
        "@angular/common": "4.1.3",
        "@angular/core": "4.1.3"
      }
    },
    "node_modules/@angular/platform-browser-dynamic": {
      "version": "4.1.3",
      "resolved": "https://registry.npmjs.org/@angular/platform-browser-dynamic/-/platform-browser-dynamic-4.1.3.tgz",
      "integrity": "sha512-Cn4uG3U15CXNRT6Wq3HktGFcbGUYqddPBGLDX3Fw6pwCnztFjOKFpZSXKbC3sZRk8BYodhLoiw0pIWYxPMaLuw==",
      "peerDependencies": {
        "@angular/common": "4.1.3",
        "@angular/compiler": "4.1.3",
        "@angular/core": "4.1.3",
        "@angular/platform-browser": "4.1.3"
      }
    },
    "node_modules/@angular/tsc-wrapped": {
      "version": "4.1.3",
      "resolved": "https://registry.npmjs.org/@angular/tsc-wrapped/-/tsc-wrapped-4.1.3.tgz",
      "integrity": "sha512-BrF6wlqnBG2WDpzyUmsD3DWrtujBy0b8KDggh5MsZnCf6jYZcuJ0wB5TL87ajICJYmCsTIoJtC6Wt8fUqYCTFw==",
      "dependencies": {
        "tsickle": "^0.21.0"
      },
      "peerDependencies": {
        "typescript": "^2.1.5"
      }
    },
    "node_modules/core-js": {
      "version": "2.4.1",
      "resolved": "https://registry.npmjs.org/core-js/-/core-js-2.4.1.tgz",
      "integrity": "sha512-W4Zkayb9VI4zr+s7ReDSgTTaV9KWB4L997i8/mkOV2kY1c7QGNj91k8X0zcr8Tl24oYF6kiBomCDSYO4BvQQdQ==",
      "deprecated": "core-js@<3.23.3 is no longer maintained and not recommended for usage due to the number of issues. Because of the V8 engine whims, feature detection in old core-js versions could cause a slowdown up to 100x even if nothing is polyfilled. Some versions have web compatibility issues. Please, upgrade your dependencies to the actual version of core-js."
    },
    "node_modules/ionic-angular": {
      "version": "3.5.2",
      "resolved": "https://registry.npmjs.org/ionic-angular/-/ionic-angular-3.5.2.tgz",
      "integrity": "sha512-3OptQTIctfCGj7WPz6OtGkcuYB3EYfETIXmacqBNKsgLBVkBMnv8znSU574NrpOVX5m+7UupGr3hY95KJdZS3A==",
      "peerDependencies": {
        "@angular/common": "4.1.3",
        "@angular/compiler": "4.1.3",
        "@angular/compiler-cli": "4.1.3",
        "@angular/core": "4.1.3",
        "@angular/forms": "4.1.3",
        "@angular/http": "4.1.3",
        "@angular/platform-browser": "4.1.3",
        "@angular/platform-browser-dynamic": "4.1.3",
        "rxjs": "5.4.0",
        "zone.js": "0.8.12"
      }
    },
    "node_modules/minimist": {
      "version": "1.2.8",
      "resolved": "https://registry.npmjs.org/minimist/-/minimist-1.2.8.tgz",
      "integrity": "sha512-2yyAR8qBkN3YuheJanUpWC5U3bb5osDywNB8RzDVlDwDHbocAJveqqj1u8+SVD7jkWT4yvsHCpWqqWqAxb0zCA==",
      "funding": {
        "url": "https://github.com/sponsors/ljharb"
      }
    },
    "node_modules/mkdirp": {
      "version": "0.5.6",
      "resolved": "https://registry.npmjs.org/mkdirp/-/mkdirp-0.5.6.tgz",
      "integrity": "sha512-FP+p8RB8OWpF3YZBCrP5gtADmtXApB5AMLn+vdyA+PyxCjrCs00mjyUozssO33cwDeT3wNGdLxJ5M//YqtHAJw==",
      "dependencies": {
        "minimist": "^1.2.6"
      },
      "bin": {
        "mkdirp": "bin/cmd.js"
      }
    },
    "node_modules/reflect-metadata": {
      "version": "0.1.14",
      "resolved": "https://registry.npmjs.org/reflect-metadata/-/reflect-metadata-0.1.14.tgz",
      "integrity": "sha512-ZhYeb6nRaXCfhnndflDK8qI6ZQ/YcWZCISRAWICW9XYqMUwjZM9Z0DveWX/ABN01oxSHwVxKQmxeYZSsm0jh5A=="
    },
    "node_modules/rxjs": {
      "version": "5.4.0",
      "resolved": "https://registry.npmjs.org/rxjs/-/rxjs-5.4.0.tgz",
      "integrity": "sha512-trmQMIOQr/3RKqQnfbQzQkVthkSP9d/h+vUpKw9NVgQA2xWjzQTWAxkQs7OxK70CkNZDrOb9FMBMDhGyN5vgtA==",
      "dependencies": {
        "symbol-observable": "^1.0.1"
      },
      "engines": {
        "npm": ">=2.0.0"
      }
    },
    "node_modules/source-map": {
      "version": "0.5.7",
      "resolved": "https://registry.npmjs.org/source-map/-/source-map-0.5.7.tgz",
      "integrity": "sha512-LbrmJOMUSdEVxIKvdcJzQC+nQhe8FUZQTXQy6+I75skNgn3OoQ0DZA8YnFa7gp8tqtL3KPf1kmo0R5DoApeSGQ==",
      "engines": {
        "node": ">=0.10.0"
      }
    },
    "node_modules/source-map-support": {
      "version": "0.4.18",
      "resolved": "https://registry.npmjs.org/source-map-support/-/source-map-support-0.4.18.tgz",
      "integrity": "sha512-try0/JqxPLF9nOjvSta7tVondkP5dwgyLDjVoyMDlmjugT2lRZ1OfsrYTkCd2hkDnJTKRbO/Rl3orm8vlsUzbA==",
      "dependencies": {
        "source-map": "^0.5.6"
      }
    },
    "node_modules/symbol-observable": {
      "version": "1.2.0",
      "resolved": "https://registry.npmjs.org/symbol-observable/-/symbol-observable-1.2.0.tgz",
      "integrity": "sha512-e900nM8RRtGhlV36KGEU9k65K3mPb1WV70OdjfxlG2EAuM1noi/E/BaW/uMhL7bPEssK8QV57vN3esixjUvcXQ==",
      "engines": {
        "node": ">=0.10.0"
      }
    },
    "node_modules/tsickle": {
      "version": "0.21.6",
      "resolved": "https://registry.npmjs.org/tsickle/-/tsickle-0.21.6.tgz",
      "integrity": "sha512-S0WhNQvuO7zbTDeOrNJ1LGKPVLUE0kjSdpMxMiyeZE0c0MtpvB93p787iOnjKqUOFl1+x2v1CN/DDMFOX6WKdA==",
      "dependencies": {
        "minimist": "^1.2.0",
        "mkdirp": "^0.5.1",
        "source-map": "^0.5.6",
        "source-map-support": "^0.4.2"
      },
      "bin": {
        "tsickle": "build/src/main.js"
      },
      "peerDependencies": {
        "typescript": "^2.1.0"
      }
    },
    "node_modules/typescript": {
      "version": "2.3.4",
      "resolved": "https://registry.npmjs.org/typescript/-/typescript-2.3.4.tgz",
      "integrity": "sha512-+3YA3hpUsl9lWPPsPQshiyXvU9EgJhvMoG2V74b6D2BddGePqRbQWNztTvpoUjlpf+3TUIL14C4Cad4QNvOVfQ==",
      "bin": {
        "tsc": "bin/tsc",
        "tsserver": "bin/tsserver"
      },
      "engines": {
        "node": ">=4.2.0"
      }
    },
    "node_modules/zone.js": {
      "version": "0.8.12",
      "resolved": "https://registry.npmjs.org/zone.js/-/zone.js-0.8.12.tgz",
      "integrity": "sha512-SPMZb9PTKy7Zu2atgFLtyLvK4bu+qzveJ3+KQtPNZpjqE0YbkCEdZGojcySd4jXkHfIzZ/UqGTMtBogJFigYNw=="
    }
  }
}
